
Microsoft Visual Studio Solution File, Format Version 12.00
# Visual Studio 14
VisualStudioVersion = 14.0.24720.0
MinimumVisualStudioVersion = 10.0.40219.1
Project("{FAE04EC0-301F-11D3-BF4B-00C04F79EFBC}") = "RedContactos.Droid", "RedContactos\RedContactos.Droid\RedContactos.Droid.csproj", "{67DC20DF-EF15-428D-A3C4-331B89A021DC}"
EndProject
Project("{FAE04EC0-301F-11D3-BF4B-00C04F79EFBC}") = "RedContactos.iOS", "RedContactos\RedContactos.iOS\RedContactos.iOS.csproj", "{1386DCCA-20E4-4BBD-8796-77D13F5F49E4}"
EndProject
Project("{FAE04EC0-301F-11D3-BF4B-00C04F79EFBC}") = "RedContactos.WinPhone", "RedContactos\RedContactos.WinPhone\RedContactos.WinPhone.csproj", "{DCDE6FC7-1C36-4EA2-A8B9-C83BBCCB2148}"
EndProject
Project("{FAE04EC0-301F-11D3-BF4B-00C04F79EFBC}") = "RedContactos", "RedContactos\RedContactos\RedContactos.csproj", "{B764FC8B-FE74-4A0E-BFED-528B75D8DA95}"
EndProject
Project("{FAE04EC0-301F-11D3-BF4B-00C04F79EFBC}") = "MvvmLibrary2", "MvvmLibrary2\MvvmLibrary2.csproj", "{00CB7426-A395-422B-9F22-234902804547}"
EndProject
Global
	GlobalSection(SolutionConfigurationPlatforms) = preSolution
		Ad-Hoc|Any CPU = Ad-Hoc|Any CPU
		Ad-Hoc|ARM = Ad-Hoc|ARM
		Ad-Hoc|iPhone = Ad-Hoc|iPhone
		Ad-Hoc|iPhoneSimulator = Ad-Hoc|iPhoneSimulator
		Ad-Hoc|x86 = Ad-Hoc|x86
		AppStore|Any CPU = AppStore|Any CPU
		AppStore|ARM = AppStore|ARM
		AppStore|iPhone = AppStore|iPhone
		AppStore|iPhoneSimulator = AppStore|iPhoneSimulator
		AppStore|x86 = AppStore|x86
		Debug|Any CPU = Debug|Any CPU
		Debug|ARM = Debug|ARM
		Debug|iPhone = Debug|iPhone
		Debug|iPhoneSimulator = Debug|iPhoneSimulator
		Debug|x86 = Debug|x86
		Release|Any CPU = Release|Any CPU
		Release|ARM = Release|ARM
		Release|iPhone = Release|iPhone
		Release|iPhoneSimulator = Release|iPhoneSimulator
		Release|x86 = Release|x86
	EndGlobalSection
	GlobalSection(ProjectConfigurationPlatforms) = postSolution
		{67DC20DF-EF15-428D-A3C4-331B89A021DC}.Ad-Hoc|Any CPU.ActiveCfg = Release|Any CPU
		{67DC20DF-EF15-428D-A3C4-331B89A021DC}.Ad-Hoc|Any CPU.Build.0 = Release|Any CPU
		{67DC20DF-EF15-428D-A3C4-331B89A021DC}.Ad-Hoc|Any CPU.Deploy.0 = Release|Any CPU
		{67DC20DF-EF15-428D-A3C4-331B89A021DC}.Ad-Hoc|ARM.ActiveCfg = Release|Any CPU
		{67DC20DF-EF15-428D-A3C4-331B89A021DC}.Ad-Hoc|ARM.Build.0 = Release|Any CPU
		{67DC20DF-EF15-428D-A3C4-331B89A021DC}.Ad-Hoc|ARM.Deploy.0 = Release|Any CPU
		{67DC20DF-EF15-428D-A3C4-331B89A021DC}.Ad-Hoc|iPhone.ActiveCfg = Release|Any CPU
		{67DC20DF-EF15-428D-A3C4-331B89A021DC}.Ad-Hoc|iPhone.Build.0 = Release|Any CPU
		{67DC20DF-EF15-428D-A3C4-331B89A021DC}.Ad-Hoc|iPhone.Deploy.0 = Release|Any CPU
		{67DC20DF-EF15-428D-A3C4-331B89A021DC}.Ad-Hoc|iPhoneSimulator.ActiveCfg = Release|Any CPU
		{67DC20DF-EF15-428D-A3C4-331B89A021DC}.Ad-Hoc|iPhoneSimulator.Build.0 = Release|Any CPU
		{67DC20DF-EF15-428D-A3C4-331B89A021DC}.Ad-Hoc|iPhoneSimulator.Deploy.0 = Release|Any CPU
		{67DC20DF-EF15-428D-A3C4-331B89A021DC}.Ad-Hoc|x86.ActiveCfg = Release|Any CPU
		{67DC20DF-EF15-428D-A3C4-331B89A021DC}.Ad-Hoc|x86.Build.0 = Release|Any CPU
		{67DC20DF-EF15-428D-A3C4-331B89A021DC}.Ad-Hoc|x86.Deploy.0 = Release|Any CPU
		{67DC20DF-EF15-428D-A3C4-331B89A021DC}.AppStore|Any CPU.ActiveCfg = Release|Any CPU
		{67DC20DF-EF15-428D-A3C4-331B89A021DC}.AppStore|Any CPU.Build.0 = Release|Any CPU
		{67DC20DF-EF15-428D-A3C4-331B89A021DC}.AppStore|Any CPU.Deploy.0 = Release|Any CPU
		{67DC20DF-EF15-428D-A3C4-331B89A021DC}.AppStore|ARM.ActiveCfg = Release|Any CPU
		{67DC20DF-EF15-428D-A3C4-331B89A021DC}.AppStore|ARM.Build.0 = Release|Any CPU
		{67DC20DF-EF15-428D-A3C4-331B89A021DC}.AppStore|ARM.Deploy.0 = Release|Any CPU
		{67DC20DF-EF15-428D-A3C4-331B89A021DC}.AppStore|iPhone.ActiveCfg = Release|Any CPU
		{67DC20DF-EF15-428D-A3C4-331B89A021DC}.AppStore|iPhone.Build.0 = Release|Any CPU
		{67DC20DF-EF15-428D-A3C4-331B89A021DC}.AppStore|iPhone.Deploy.0 = Release|Any CPU
		{67DC20DF-EF15-428D-A3C4-331B89A021DC}.AppStore|iPhoneSimulator.ActiveCfg = Release|Any CPU
		{67DC20DF-EF15-428D-A3C4-331B89A021DC}.AppStore|iPhoneSimulator.Build.0 = Release|Any CPU
		{67DC20DF-EF15-428D-A3C4-331B89A021DC}.AppStore|iPhoneSimulator.Deploy.0 = Release|Any CPU
		{67DC20DF-EF15-428D-A3C4-331B89A021DC}.AppStore|x86.ActiveCfg = Release|Any CPU
		{67DC20DF-EF15-428D-A3C4-331B89A021DC}.AppStore|x86.Build.0 = Release|Any CPU
		{67DC20DF-EF15-428D-A3C4-331B89A021DC}.AppStore|x86.Deploy.0 = Release|Any CPU
		{67DC20DF-EF15-428D-A3C4-331B89A021DC}.Debug|Any CPU.ActiveCfg = Debug|Any CPU
		{67DC20DF-EF15-428D-A3C4-331B89A021DC}.Debug|Any CPU.Build.0 = Debug|Any CPU
		{67DC20DF-EF15-428D-A3C4-331B89A021DC}.Debug|Any CPU.Deploy.0 = Debug|Any CPU
		{67DC20DF-EF15-428D-A3C4-331B89A021DC}.Debug|ARM.ActiveCfg = Debug|Any CPU
		{67DC20DF-EF15-428D-A3C4-331B89A021DC}.Debug|ARM.Build.0 = Debug|Any CPU
		{67DC20DF-EF15-428D-A3C4-331B89A021DC}.Debug|ARM.Deploy.0 = Debug|Any CPU
		{67DC20DF-EF15-428D-A3C4-331B89A021DC}.Debug|iPhone.ActiveCfg = Debug|Any CPU
		{67DC20DF-EF15-428D-A3C4-331B89A021DC}.Debug|iPhone.Build.0 = Debug|Any CPU
		{67DC20DF-EF15-428D-A3C4-331B89A021DC}.Debug|iPhone.Deploy.0 = Debug|Any CPU
		{67DC20DF-EF15-428D-A3C4-331B89A021DC}.Debug|iPhoneSimulator.ActiveCfg = Debug|Any CPU
		{67DC20DF-EF15-428D-A3C4-331B89A021DC}.Debug|iPhoneSimulator.Build.0 = Debug|Any CPU
		{67DC20DF-EF15-428D-A3C4-331B89A021DC}.Debug|iPhoneSimulator.Deploy.0 = Debug|Any CPU
		{67DC20DF-EF15-428D-A3C4-331B89A021DC}.Debug|x86.ActiveCfg = Debug|Any CPU
		{67DC20DF-EF15-428D-A3C4-331B89A021DC}.Debug|x86.Build.0 = Debug|Any CPU
		{67DC20DF-EF15-428D-A3C4-331B89A021DC}.Debug|x86.Deploy.0 = Debug|Any CPU
		{67DC20DF-EF15-428D-A3C4-331B89A021DC}.Release|Any CPU.ActiveCfg = Release|Any CPU
		{67DC20DF-EF15-428D-A3C4-331B89A021DC}.Release|Any CPU.Build.0 = Release|Any CPU
		{67DC20DF-EF15-428D-A3C4-331B89A021DC}.Release|Any CPU.Deploy.0 = Release|Any CPU
		{67DC20DF-EF15-428D-A3C4-331B89A021DC}.Release|ARM.ActiveCfg = Release|Any CPU
		{67DC20DF-EF15-428D-A3C4-331B89A021DC}.Release|ARM.Build.0 = Release|Any CPU
		{67DC20DF-EF15-428D-A3C4-331B89A021DC}.Release|ARM.Deploy.0 = Release|Any CPU
		{67DC20DF-EF15-428D-A3C4-331B89A021DC}.Release|iPhone.ActiveCfg = Release|Any CPU
		{67DC20DF-EF15-428D-A3C4-331B89A021DC}.Release|iPhone.Build.0 = Release|Any CPU
		{67DC20DF-EF15-428D-A3C4-331B89A021DC}.Release|iPhone.Deploy.0 = Release|Any CPU
		{67DC20DF-EF15-428D-A3C4-331B89A021DC}.Release|iPhoneSimulator.ActiveCfg = Release|Any CPU
		{67DC20DF-EF15-428D-A3C4-331B89A021DC}.Release|iPhoneSimulator.Build.0 = Release|Any CPU
		{67DC20DF-EF15-428D-A3C4-331B89A021DC}.Release|iPhoneSimulator.Deploy.0 = Release|Any CPU
		{67DC20DF-EF15-428D-A3C4-331B89A021DC}.Release|x86.ActiveCfg = Release|Any CPU
		{67DC20DF-EF15-428D-A3C4-331B89A021DC}.Release|x86.Build.0 = Release|Any CPU
		{67DC20DF-EF15-428D-A3C4-331B89A021DC}.Release|x86.Deploy.0 = Release|Any CPU
		{1386DCCA-20E4-4BBD-8796-77D13F5F49E4}.Ad-Hoc|Any CPU.ActiveCfg = Ad-Hoc|iPhone
		{1386DCCA-20E4-4BBD-8796-77D13F5F49E4}.Ad-Hoc|ARM.ActiveCfg = Ad-Hoc|iPhone
		{1386DCCA-20E4-4BBD-8796-77D13F5F49E4}.Ad-Hoc|iPhone.ActiveCfg = Ad-Hoc|iPhone
		{1386DCCA-20E4-4BBD-8796-77D13F5F49E4}.Ad-Hoc|iPhone.Build.0 = Ad-Hoc|iPhone
		{1386DCCA-20E4-4BBD-8796-77D13F5F49E4}.Ad-Hoc|iPhoneSimulator.ActiveCfg = Ad-Hoc|iPhoneSimulator
		{1386DCCA-20E4-4BBD-8796-77D13F5F49E4}.Ad-Hoc|iPhoneSimulator.Build.0 = Ad-Hoc|iPhoneSimulator
		{1386DCCA-20E4-4BBD-8796-77D13F5F49E4}.Ad-Hoc|x86.ActiveCfg = Ad-Hoc|iPhone
		{1386DCCA-20E4-4BBD-8796-77D13F5F49E4}.AppStore|Any CPU.ActiveCfg = AppStore|iPhone
		{1386DCCA-20E4-4BBD-8796-77D13F5F49E4}.AppStore|ARM.ActiveCfg = AppStore|iPhone
		{1386DCCA-20E4-4BBD-8796-77D13F5F49E4}.AppStore|iPhone.ActiveCfg = AppStore|iPhone
		{1386DCCA-20E4-4BBD-8796-77D13F5F49E4}.AppStore|iPhone.Build.0 = AppStore|iPhone
		{1386DCCA-20E4-4BBD-8796-77D13F5F49E4}.AppStore|iPhoneSimulator.ActiveCfg = AppStore|iPhoneSimulator
		{1386DCCA-20E4-4BBD-8796-77D13F5F49E4}.AppStore|iPhoneSimulator.Build.0 = AppStore|iPhoneSimulator
		{1386DCCA-20E4-4BBD-8796-77D13F5F49E4}.AppStore|x86.ActiveCfg = AppStore|iPhone
		{1386DCCA-20E4-4BBD-8796-77D13F5F49E4}.Debug|Any CPU.ActiveCfg = Debug|iPhone
		{1386DCCA-20E4-4BBD-8796-77D13F5F49E4}.Debug|ARM.ActiveCfg = Debug|iPhone
		{1386DCCA-20E4-4BBD-8796-77D13F5F49E4}.Debug|iPhone.ActiveCfg = Debug|iPhone
		{1386DCCA-20E4-4BBD-8796-77D13F5F49E4}.Debug|iPhone.Build.0 = Debug|iPhone
		{1386DCCA-20E4-4BBD-8796-77D13F5F49E4}.Debug|iPhoneSimulator.ActiveCfg = Debug|iPhoneSimulator
		{1386DCCA-20E4-4BBD-8796-77D13F5F49E4}.Debug|iPhoneSimulator.Build.0 = Debug|iPhoneSimulator
		{1386DCCA-20E4-4BBD-8796-77D13F5F49E4}.Debug|x86.ActiveCfg = Debug|iPhone
		{1386DCCA-20E4-4BBD-8796-77D13F5F49E4}.Release|Any CPU.ActiveCfg = Release|iPhone
		{1386DCCA-20E4-4BBD-8796-77D13F5F49E4}.Release|ARM.ActiveCfg = Release|iPhone
		{1386DCCA-20E4-4BBD-8796-77D13F5F49E4}.Release|iPhone.ActiveCfg = Release|iPhone
		{1386DCCA-20E4-4BBD-8796-77D13F5F49E4}.Release|iPhone.Build.0 = Release|iPhone
		{1386DCCA-20E4-4BBD-8796-77D13F5F49E4}.Release|iPhoneSimulator.ActiveCfg = Release|iPhoneSimulator
		{1386DCCA-20E4-4BBD-8796-77D13F5F49E4}.Release|iPhoneSimulator.Build.0 = Release|iPhoneSimulator
		{1386DCCA-20E4-4BBD-8796-77D13F5F49E4}.Release|x86.ActiveCfg = Release|iPhone
		{DCDE6FC7-1C36-4EA2-A8B9-C83BBCCB2148}.Ad-Hoc|Any CPU.ActiveCfg = Release|Any CPU
		{DCDE6FC7-1C36-4EA2-A8B9-C83BBCCB2148}.Ad-Hoc|Any CPU.Build.0 = Release|Any CPU
		{DCDE6FC7-1C36-4EA2-A8B9-C83BBCCB2148}.Ad-Hoc|Any CPU.Deploy.0 = Release|Any CPU
		{DCDE6FC7-1C36-4EA2-A8B9-C83BBCCB2148}.Ad-Hoc|ARM.ActiveCfg = Release|ARM
		{DCDE6FC7-1C36-4EA2-A8B9-C83BBCCB2148}.Ad-Hoc|ARM.Build.0 = Release|ARM
		{DCDE6FC7-1C36-4EA2-A8B9-C83BBCCB2148}.Ad-Hoc|ARM.Deploy.0 = Release|ARM
		{DCDE6FC7-1C36-4EA2-A8B9-C83BBCCB2148}.Ad-Hoc|iPhone.ActiveCfg = Release|Any CPU
		{DCDE6FC7-1C36-4EA2-A8B9-C83BBCCB2148}.Ad-Hoc|iPhone.Build.0 = Release|Any CPU
		{DCDE6FC7-1C36-4EA2-A8B9-C83BBCCB2148}.Ad-Hoc|iPhone.Deploy.0 = Release|Any CPU
		{DCDE6FC7-1C36-4EA2-A8B9-C83BBCCB2148}.Ad-Hoc|iPhoneSimulator.ActiveCfg = Release|Any CPU
		{DCDE6FC7-1C36-4EA2-A8B9-C83BBCCB2148}.Ad-Hoc|iPhoneSimulator.Build.0 = Release|Any CPU
		{DCDE6FC7-1C36-4EA2-A8B9-C83BBCCB2148}.Ad-Hoc|iPhoneSimulator.Deploy.0 = Release|Any CPU
		{DCDE6FC7-1C36-4EA2-A8B9-C83BBCCB2148}.Ad-Hoc|x86.ActiveCfg = Release|x86
		{DCDE6FC7-1C36-4EA2-A8B9-C83BBCCB2148}.Ad-Hoc|x86.Build.0 = Release|x86
		{DCDE6FC7-1C36-4EA2-A8B9-C83BBCCB2148}.Ad-Hoc|x86.Deploy.0 = Release|x86
		{DCDE6FC7-1C36-4EA2-A8B9-C83BBCCB2148}.AppStore|Any CPU.ActiveCfg = Release|Any CPU
		{DCDE6FC7-1C36-4EA2-A8B9-C83BBCCB2148}.AppStore|Any CPU.Build.0 = Release|Any CPU
		{DCDE6FC7-1C36-4EA2-A8B9-C83BBCCB2148}.AppStore|Any CPU.Deploy.0 = Release|Any CPU
		{DCDE6FC7-1C36-4EA2-A8B9-C83BBCCB2148}.AppStore|ARM.ActiveCfg = Release|ARM
		{DCDE6FC7-1C36-4EA2-A8B9-C83BBCCB2148}.AppStore|ARM.Build.0 = Release|ARM
		{DCDE6FC7-1C36-4EA2-A8B9-C83BBCCB2148}.AppStore|ARM.Deploy.0 = Release|ARM
		{DCDE6FC7-1C36-4EA2-A8B9-C83BBCCB2148}.AppStore|iPhone.ActiveCfg = Release|Any CPU
		{DCDE6FC7-1C36-4EA2-A8B9-C83BBCCB2148}.AppStore|iPhone.Build.0 = Release|Any CPU
		{DCDE6FC7-1C36-4EA2-A8B9-C83BBCCB2148}.AppStore|iPhone.Deploy.0 = Release|Any CPU
		{DCDE6FC7-1C36-4EA2-A8B9-C83BBCCB2148}.AppStore|iPhoneSimulator.ActiveCfg = Release|Any CPU
		{DCDE6FC7-1C36-4EA2-A8B9-C83BBCCB2148}.AppStore|iPhoneSimulator.Build.0 = Release|Any CPU
		{DCDE6FC7-1C36-4EA2-A8B9-C83BBCCB2148}.AppStore|iPhoneSimulator.Deploy.0 = Release|Any CPU
		{DCDE6FC7-1C36-4EA2-A8B9-C83BBCCB2148}.AppStore|x86.ActiveCfg = Release|x86
		{DCDE6FC7-1C36-4EA2-A8B9-C83BBCCB2148}.AppStore|x86.Build.0 = Release|x86
		{DCDE6FC7-1C36-4EA2-A8B9-C83BBCCB2148}.AppStore|x86.Deploy.0 = Release|x86
		{DCDE6FC7-1C36-4EA2-A8B9-C83BBCCB2148}.Debug|Any CPU.ActiveCfg = Debug|Any CPU
		{DCDE6FC7-1C36-4EA2-A8B9-C83BBCCB2148}.Debug|Any CPU.Build.0 = Debug|Any CPU
		{DCDE6FC7-1C36-4EA2-A8B9-C83BBCCB2148}.Debug|Any CPU.Deploy.0 = Debug|Any CPU
		{DCDE6FC7-1C36-4EA2-A8B9-C83BBCCB2148}.Debug|ARM.ActiveCfg = Debug|ARM
		{DCDE6FC7-1C36-4EA2-A8B9-C83BBCCB2148}.Debug|ARM.Build.0 = Debug|ARM
		{DCDE6FC7-1C36-4EA2-A8B9-C83BBCCB2148}.Debug|ARM.Deploy.0 = Debug|ARM
		{DCDE6FC7-1C36-4EA2-A8B9-C83BBCCB2148}.Debug|iPhone.ActiveCfg = Debug|Any CPU
		{DCDE6FC7-1C36-4EA2-A8B9-C83BBCCB2148}.Debug|iPhone.Build.0 = Debug|Any CPU
		{DCDE6FC7-1C36-4EA2-A8B9-C83BBCCB2148}.Debug|iPhone.Deploy.0 = Debug|Any CPU
		{DCDE6FC7-1C36-4EA2-A8B9-C83BBCCB2148}.Debug|iPhoneSimulator.ActiveCfg = Debug|Any CPU
		{DCDE6FC7-1C36-4EA2-A8B9-C83BBCCB2148}.Debug|iPhoneSimulator.Build.0 = Debug|Any CPU
		{DCDE6FC7-1C36-4EA2-A8B9-C83BBCCB2148}.Debug|iPhoneSimulator.Deploy.0 = Debug|Any CPU
		{DCDE6FC7-1C36-4EA2-A8B9-C83BBCCB2148}.Debug|x86.ActiveCfg = Debug|x86
		{DCDE6FC7-1C36-4EA2-A8B9-C83BBCCB2148}.Debug|x86.Build.0 = Debug|x86
		{DCDE6FC7-1C36-4EA2-A8B9-C83BBCCB2148}.Debug|x86.Deploy.0 = Debug|x86
		{DCDE6FC7-1C36-4EA2-A8B9-C83BBCCB2148}.Release|Any CPU.ActiveCfg = Release|Any CPU
		{DCDE6FC7-1C36-4EA2-A8B9-C83BBCCB2148}.Release|Any CPU.Build.0 = Release|Any CPU
		{DCDE6FC7-1C36-4EA2-A8B9-C83BBCCB2148}.Release|Any CPU.Deploy.0 = Release|Any CPU
		{DCDE6FC7-1C36-4EA2-A8B9-C83BBCCB2148}.Release|ARM.ActiveCfg = Release|ARM
		{DCDE6FC7-1C36-4EA2-A8B9-C83BBCCB2148}.Release|ARM.Build.0 = Release|ARM
		{DCDE6FC7-1C36-4EA2-A8B9-C83BBCCB2148}.Release|ARM.Deploy.0 = Release|ARM
		{DCDE6FC7-1C36-4EA2-A8B9-C83BBCCB2148}.Release|iPhone.ActiveCfg = Release|Any CPU
		{DCDE6FC7-1C36-4EA2-A8B9-C83BBCCB2148}.Release|iPhone.Build.0 = Release|Any CPU
		{DCDE6FC7-1C36-4EA2-A8B9-C83BBCCB2148}.Release|iPhone.Deploy.0 = Release|Any CPU
		{DCDE6FC7-1C36-4EA2-A8B9-C83BBCCB2148}.Release|iPhoneSimulator.ActiveCfg = Release|Any CPU
		{DCDE6FC7-1C36-4EA2-A8B9-C83BBCCB2148}.Release|iPhoneSimulator.Build.0 = Release|Any CPU
		{DCDE6FC7-1C36-4EA2-A8B9-C83BBCCB2148}.Release|iPhoneSimulator.Deploy.0 = Release|Any CPU
		{DCDE6FC7-1C36-4EA2-A8B9-C83BBCCB2148}.Release|x86.ActiveCfg = Release|x86
		{DCDE6FC7-1C36-4EA2-A8B9-C83BBCCB2148}.Release|x86.Build.0 = Release|x86
		{DCDE6FC7-1C36-4EA2-A8B9-C83BBCCB2148}.Release|x86.Deploy.0 = Release|x86
		{B764FC8B-FE74-4A0E-BFED-528B75D8DA95}.Ad-Hoc|Any CPU.ActiveCfg = Release|Any CPU
		{B764FC8B-FE74-4A0E-BFED-528B75D8DA95}.Ad-Hoc|Any CPU.Build.0 = Release|Any CPU
		{B764FC8B-FE74-4A0E-BFED-528B75D8DA95}.Ad-Hoc|ARM.ActiveCfg = Release|Any CPU
		{B764FC8B-FE74-4A0E-BFED-528B75D8DA95}.Ad-Hoc|ARM.Build.0 = Release|Any CPU
		{B764FC8B-FE74-4A0E-BFED-528B75D8DA95}.Ad-Hoc|iPhone.ActiveCfg = Release|Any CPU
		{B764FC8B-FE74-4A0E-BFED-528B75D8DA95}.Ad-Hoc|iPhone.Build.0 = Release|Any CPU
		{B764FC8B-FE74-4A0E-BFED-528B75D8DA95}.Ad-Hoc|iPhoneSimulator.ActiveCfg = Release|Any CPU
		{B764FC8B-FE74-4A0E-BFED-528B75D8DA95}.Ad-Hoc|iPhoneSimulator.Build.0 = Release|Any CPU
		{B764FC8B-FE74-4A0E-BFED-528B75D8DA95}.Ad-Hoc|x86.ActiveCfg = Release|Any CPU
		{B764FC8B-FE74-4A0E-BFED-528B75D8DA95}.Ad-Hoc|x86.Build.0 = Release|Any CPU
		{B764FC8B-FE74-4A0E-BFED-528B75D8DA95}.AppStore|Any CPU.ActiveCfg = Release|Any CPU
		{B764FC8B-FE74-4A0E-BFED-528B75D8DA95}.AppStore|Any CPU.Build.0 = Release|Any CPU
		{B764FC8B-FE74-4A0E-BFED-528B75D8DA95}.AppStore|ARM.ActiveCfg = Release|Any CPU
		{B764FC8B-FE74-4A0E-BFED-528B75D8DA95}.AppStore|ARM.Build.0 = Release|Any CPU
		{B764FC8B-FE74-4A0E-BFED-528B75D8DA95}.AppStore|iPhone.ActiveCfg = Release|Any CPU
		{B764FC8B-FE74-4A0E-BFED-528B75D8DA95}.AppStore|iPhone.Build.0 = Release|Any CPU
		{B764FC8B-FE74-4A0E-BFED-528B75D8DA95}.AppStore|iPhoneSimulator.ActiveCfg = Release|Any CPU
		{B764FC8B-FE74-4A0E-BFED-528B75D8DA95}.AppStore|iPhoneSimulator.Build.0 = Release|Any CPU
		{B764FC8B-FE74-4A0E-BFED-528B75D8DA95}.AppStore|x86.ActiveCfg = Release|Any CPU
		{B764FC8B-FE74-4A0E-BFED-528B75D8DA95}.AppStore|x86.Build.0 = Release|Any CPU
		{B764FC8B-FE74-4A0E-BFED-528B75D8DA95}.Debug|Any CPU.ActiveCfg = Debug|Any CPU
		{B764FC8B-FE74-4A0E-BFED-528B75D8DA95}.Debug|Any CPU.Build.0 = Debug|Any CPU
		{B764FC8B-FE74-4A0E-BFED-528B75D8DA95}.Debug|ARM.ActiveCfg = Debug|Any CPU
		{B764FC8B-FE74-4A0E-BFED-528B75D8DA95}.Debug|ARM.Build.0 = Debug|Any CPU
		{B764FC8B-FE74-4A0E-BFED-528B75D8DA95}.Debug|iPhone.ActiveCfg = Debug|Any CPU
		{B764FC8B-FE74-4A0E-BFED-528B75D8DA95}.Debug|iPhone.Build.0 = Debug|Any CPU
		{B764FC8B-FE74-4A0E-BFED-528B75D8DA95}.Debug|iPhoneSimulator.ActiveCfg = Debug|Any CPU
		{B764FC8B-FE74-4A0E-BFED-528B75D8DA95}.Debug|iPhoneSimulator.Build.0 = Debug|Any CPU
		{B764FC8B-FE74-4A0E-BFED-528B75D8DA95}.Debug|x86.ActiveCfg = Debug|Any CPU
		{B764FC8B-FE74-4A0E-BFED-528B75D8DA95}.Debug|x86.Build.0 = Debug|Any CPU
		{B764FC8B-FE74-4A0E-BFED-528B75D8DA95}.Release|Any CPU.ActiveCfg = Release|Any CPU
		{B764FC8B-FE74-4A0E-BFED-528B75D8DA95}.Release|Any CPU.Build.0 = Release|Any CPU
		{B764FC8B-FE74-4A0E-BFED-528B75D8DA95}.Release|ARM.ActiveCfg = Release|Any CPU
		{B764FC8B-FE74-4A0E-BFED-528B75D8DA95}.Release|ARM.Build.0 = Release|Any CPU
		{B764FC8B-FE74-4A0E-BFED-528B75D8DA95}.Release|iPhone.ActiveCfg = Release|Any CPU
		{B764FC8B-FE74-4A0E-BFED-528B75D8DA95}.Release|iPhone.Build.0 = Release|Any CPU
		{B764FC8B-FE74-4A0E-BFED-528B75D8DA95}.Release|iPhoneSimulator.ActiveCfg = Release|Any CPU
		{B764FC8B-FE74-4A0E-BFED-528B75D8DA95}.Release|iPhoneSimulator.Build.0 = Release|Any CPU
		{B764FC8B-FE74-4A0E-BFED-528B75D8DA95}.Release|x86.ActiveCfg = Release|Any CPU
		{B764FC8B-FE74-4A0E-BFED-528B75D8DA95}.Release|x86.Build.0 = Release|Any CPU
		{00CB7426-A395-422B-9F22-234902804547}.Ad-Hoc|Any CPU.ActiveCfg = Release|Any CPU
		{00CB7426-A395-422B-9F22-234902804547}.Ad-Hoc|Any CPU.Build.0 = Release|Any CPU
		{00CB7426-A395-422B-9F22-234902804547}.Ad-Hoc|ARM.ActiveCfg = Release|Any CPU
		{00CB7426-A395-422B-9F22-234902804547}.Ad-Hoc|ARM.Build.0 = Release|Any CPU
		{00CB7426-A395-422B-9F22-234902804547}.Ad-Hoc|iPhone.ActiveCfg = Release|Any CPU
		{00CB7426-A395-422B-9F22-234902804547}.Ad-Hoc|iPhone.Build.0 = Release|Any CPU
		{00CB7426-A395-422B-9F22-234902804547}.Ad-Hoc|iPhoneSimulator.ActiveCfg = Release|Any CPU
		{00CB7426-A395-422B-9F22-234902804547}.Ad-Hoc|iPhoneSimulator.Build.0 = Release|Any CPU
		{00CB7426-A395-422B-9F22-234902804547}.Ad-Hoc|x86.ActiveCfg = Release|Any CPU
		{00CB7426-A395-422B-9F22-234902804547}.Ad-Hoc|x86.Build.0 = Release|Any CPU
		{00CB7426-A395-422B-9F22-234902804547}.AppStore|Any CPU.ActiveCfg = Release|Any CPU
		{00CB7426-A395-422B-9F22-234902804547}.AppStore|Any CPU.Build.0 = Release|Any CPU
		{00CB7426-A395-422B-9F22-234902804547}.AppStore|ARM.ActiveCfg = Release|Any CPU
		{00CB7426-A395-422B-9F22-234902804547}.AppStore|ARM.Build.0 = Release|Any CPU
		{00CB7426-A395-422B-9F22-234902804547}.AppStore|iPhone.ActiveCfg = Release|Any CPU
		{00CB7426-A395-422B-9F22-234902804547}.AppStore|iPhone.Build.0 = Release|Any CPU
		{00CB7426-A395-422B-9F22-234902804547}.AppStore|iPhoneSimulator.ActiveCfg = Release|Any CPU
		{00CB7426-A395-422B-9F22-234902804547}.AppStore|iPhoneSimulator.Build.0 = Release|Any CPU
		{00CB7426-A395-422B-9F22-234902804547}.AppStore|x86.ActiveCfg = Release|Any CPU
		{00CB7426-A395-422B-9F22-234902804547}.AppStore|x86.Build.0 = Release|Any CPU
		{00CB7426-A395-422B-9F22-234902804547}.Debug|Any CPU.ActiveCfg = Debug|Any CPU
		{00CB7426-A395-422B-9F22-234902804547}.Debug|Any CPU.Build.0 = Debug|Any CPU
		{00CB7426-A395-422B-9F22-234902804547}.Debug|ARM.ActiveCfg = Debug|Any CPU
		{00CB7426-A395-422B-9F22-234902804547}.Debug|ARM.Build.0 = Debug|Any CPU
		{00CB7426-A395-422B-9F22-234902804547}.Debug|iPhone.ActiveCfg = Debug|Any CPU
		{00CB7426-A395-422B-9F22-234902804547}.Debug|iPhone.Build.0 = Debug|Any CPU
		{00CB7426-A395-422B-9F22-234902804547}.Debug|iPhoneSimulator.ActiveCfg = Debug|Any CPU
		{00CB7426-A395-422B-9F22-234902804547}.Debug|iPhoneSimulator.Build.0 = Debug|Any CPU
		{00CB7426-A395-422B-9F22-234902804547}.Debug|x86.ActiveCfg = Debug|Any CPU
		{00CB7426-A395-422B-9F22-234902804547}.Debug|x86.Build.0 = Debug|Any CPU
		{00CB7426-A395-422B-9F22-234902804547}.Release|Any CPU.ActiveCfg = Release|Any CPU
		{00CB7426-A395-422B-9F22-234902804547}.Release|Any CPU.Build.0 = Release|Any CPU
		{00CB7426-A395-422B-9F22-234902804547}.Release|ARM.ActiveCfg = Release|Any CPU
		{00CB7426-A395-422B-9F22-234902804547}.Release|ARM.Build.0 = Release|Any CPU
		{00CB7426-A395-422B-9F22-234902804547}.Release|iPhone.ActiveCfg = Release|Any CPU
		{00CB7426-A395-422B-9F22-234902804547}.Release|iPhone.Build.0 = Release|Any CPU
		{00CB7426-A395-422B-9F22-234902804547}.Release|iPhoneSimulator.ActiveCfg = Release|Any CPU
		{00CB7426-A395-422B-9F22-234902804547}.Release|iPhoneSimulator.Build.0 = Release|Any CPU
		{00CB7426-A395-422B-9F22-234902804547}.Release|x86.ActiveCfg = Release|Any CPU
		{00CB7426-A395-422B-9F22-234902804547}.Release|x86.Build.0 = Release|Any CPU
	EndGlobalSection
	GlobalSection(SolutionProperties) = preSolution
		HideSolutionNode = FALSE
	EndGlobalSection
EndGlobal
